
Microsoft Visual Studio Solution File, Format Version 12.00
# Visual Studio 2013
VisualStudioVersion = 12.0.31101.0
MinimumVisualStudioVersion = 10.0.40219.1
Project("{FAE04EC0-301F-11D3-BF4B-00C04F79EFBC}") = "RESTServices", "RESTServices\RESTServices.csproj", "{4FAF7523-EE2F-44F5-B9B6-DDAA709245D8}"
EndProject
Project("{FAE04EC0-301F-11D3-BF4B-00C04F79EFBC}") = "RESTTest", "RESTTest\RESTTest.csproj", "{06DC90E5-A72E-417A-94E9-07C516FC29B4}"
EndProject
Project("{2150E333-8FDC-42A3-9474-1A3956D46DE8}") = "Librerias", "Librerias", "{39415031-F8FC-486B-B70C-44A6BF2BF3A8}"
	ProjectSection(SolutionItems) = preProject
		..\ProyectoDSD2\Librerias\Iesi.Collections.dll = ..\ProyectoDSD2\Librerias\Iesi.Collections.dll
		..\ProyectoDSD2\Librerias\NHibernate.dll = ..\ProyectoDSD2\Librerias\NHibernate.dll
	EndProjectSection
EndProject
Global
	GlobalSection(SolutionConfigurationPlatforms) = preSolution
		Debug|Any CPU = Debug|Any CPU
		Release|Any CPU = Release|Any CPU
	EndGlobalSection
	GlobalSection(ProjectConfigurationPlatforms) = postSolution
		{4FAF7523-EE2F-44F5-B9B6-DDAA709245D8}.Debug|Any CPU.ActiveCfg = Debug|Any CPU
		{4FAF7523-EE2F-44F5-B9B6-DDAA709245D8}.Debug|Any CPU.Build.0 = Debug|Any CPU
		{4FAF7523-EE2F-44F5-B9B6-DDAA709245D8}.Release|Any CPU.ActiveCfg = Release|Any CPU
		{4FAF7523-EE2F-44F5-B9B6-DDAA709245D8}.Release|Any CPU.Build.0 = Release|Any CPU
		{06DC90E5-A72E-417A-94E9-07C516FC29B4}.Debug|Any CPU.ActiveCfg = Debug|Any CPU
		{06DC90E5-A72E-417A-94E9-07C516FC29B4}.Debug|Any CPU.Build.0 = Debug|Any CPU
		{06DC90E5-A72E-417A-94E9-07C516FC29B4}.Release|Any CPU.ActiveCfg = Release|Any CPU
		{06DC90E5-A72E-417A-94E9-07C516FC29B4}.Release|Any CPU.Build.0 = Release|Any CPU
	EndGlobalSection
	GlobalSection(SolutionProperties) = preSolution
		HideSolutionNode = FALSE
	EndGlobalSection
EndGlobal
