
Microsoft Visual Studio Solution File, Format Version 12.00
# Visual Studio 2013
VisualStudioVersion = 12.0.31101.0
MinimumVisualStudioVersion = 10.0.40219.1
Project("{FAE04EC0-301F-11D3-BF4B-00C04F79EFBC}") = "RESTServices", "RESTServices\RESTServices.csproj", "{43986C79-1ED8-4971-8E62-0669C268B289}"
EndProject
Project("{FAE04EC0-301F-11D3-BF4B-00C04F79EFBC}") = "RESTTest", "RESTTest\RESTTest.csproj", "{7290A164-A34C-40DF-BBA9-BFF4489D5062}"
EndProject
Global
	GlobalSection(SolutionConfigurationPlatforms) = preSolution
		Debug|Any CPU = Debug|Any CPU
		Release|Any CPU = Release|Any CPU
	EndGlobalSection
	GlobalSection(ProjectConfigurationPlatforms) = postSolution
		{43986C79-1ED8-4971-8E62-0669C268B289}.Debug|Any CPU.ActiveCfg = Debug|Any CPU
		{43986C79-1ED8-4971-8E62-0669C268B289}.Debug|Any CPU.Build.0 = Debug|Any CPU
		{43986C79-1ED8-4971-8E62-0669C268B289}.Release|Any CPU.ActiveCfg = Release|Any CPU
		{43986C79-1ED8-4971-8E62-0669C268B289}.Release|Any CPU.Build.0 = Release|Any CPU
		{7290A164-A34C-40DF-BBA9-BFF4489D5062}.Debug|Any CPU.ActiveCfg = Debug|Any CPU
		{7290A164-A34C-40DF-BBA9-BFF4489D5062}.Debug|Any CPU.Build.0 = Debug|Any CPU
		{7290A164-A34C-40DF-BBA9-BFF4489D5062}.Release|Any CPU.ActiveCfg = Release|Any CPU
		{7290A164-A34C-40DF-BBA9-BFF4489D5062}.Release|Any CPU.Build.0 = Release|Any CPU
	EndGlobalSection
	GlobalSection(SolutionProperties) = preSolution
		HideSolutionNode = FALSE
	EndGlobalSection
EndGlobal
